
Microsoft Visual Studio Solution File, Format Version 12.00
# Visual Studio Version 17
VisualStudioVersion = 17.9.34728.123
MinimumVisualStudioVersion = 10.0.40219.1
Project("{FAE04EC0-301F-11D3-BF4B-00C04F79EFBC}") = "MakeItSquare", "MakeItSquare\MakeItSquare.csproj", "{456890B9-7D00-47C7-9826-3FD9E50ACDB5}"
EndProject
Global
	GlobalSection(SolutionConfigurationPlatforms) = preSolution
		Debug|Any CPU = Debug|Any CPU
		Release|Any CPU = Release|Any CPU
	EndGlobalSection
	GlobalSection(ProjectConfigurationPlatforms) = postSolution
		{456890B9-7D00-47C7-9826-3FD9E50ACDB5}.Debug|Any CPU.ActiveCfg = Debug|Any CPU
		{456890B9-7D00-47C7-9826-3FD9E50ACDB5}.Debug|Any CPU.Build.0 = Debug|Any CPU
		{456890B9-7D00-47C7-9826-3FD9E50ACDB5}.Release|Any CPU.ActiveCfg = Release|Any CPU
		{456890B9-7D00-47C7-9826-3FD9E50ACDB5}.Release|Any CPU.Build.0 = Release|Any CPU
	EndGlobalSection
	GlobalSection(SolutionProperties) = preSolution
		HideSolutionNode = FALSE
	EndGlobalSection
	GlobalSection(ExtensibilityGlobals) = postSolution
		SolutionGuid = {E0F709A8-8531-4B85-8EE3-AFD04EDFF54C}
	EndGlobalSection
EndGlobal
